
Microsoft Visual Studio Solution File, Format Version 12.00
# Visual Studio Version 17
VisualStudioVersion = 17.2.32602.215
MinimumVisualStudioVersion = 10.0.40219.1
Project("{9A19103F-16F7-4668-BE54-9A1E7A4F7556}") = "FilmesAPI", "FilmesAPI\FilmesAPI.csproj", "{8EADE085-268B-4887-B32C-15AA7B557182}"
EndProject
Project("{FAE04EC0-301F-11D3-BF4B-00C04F79EFBC}") = "UsuariosAPI", "UsuariosAPI\UsuariosAPI.csproj", "{1472A07D-8B36-4143-8DF1-059C87A12C10}"
EndProject
Global
	GlobalSection(SolutionConfigurationPlatforms) = preSolution
		Debug|Any CPU = Debug|Any CPU
		Release|Any CPU = Release|Any CPU
	EndGlobalSection
	GlobalSection(ProjectConfigurationPlatforms) = postSolution
		{8EADE085-268B-4887-B32C-15AA7B557182}.Debug|Any CPU.ActiveCfg = Debug|Any CPU
		{8EADE085-268B-4887-B32C-15AA7B557182}.Debug|Any CPU.Build.0 = Debug|Any CPU
		{8EADE085-268B-4887-B32C-15AA7B557182}.Release|Any CPU.ActiveCfg = Release|Any CPU
		{8EADE085-268B-4887-B32C-15AA7B557182}.Release|Any CPU.Build.0 = Release|Any CPU
		{1472A07D-8B36-4143-8DF1-059C87A12C10}.Debug|Any CPU.ActiveCfg = Debug|Any CPU
		{1472A07D-8B36-4143-8DF1-059C87A12C10}.Debug|Any CPU.Build.0 = Debug|Any CPU
		{1472A07D-8B36-4143-8DF1-059C87A12C10}.Release|Any CPU.ActiveCfg = Release|Any CPU
		{1472A07D-8B36-4143-8DF1-059C87A12C10}.Release|Any CPU.Build.0 = Release|Any CPU
	EndGlobalSection
	GlobalSection(SolutionProperties) = preSolution
		HideSolutionNode = FALSE
	EndGlobalSection
	GlobalSection(ExtensibilityGlobals) = postSolution
		SolutionGuid = {1EC69475-B12D-4CE3-97BF-BBFB5990BED3}
	EndGlobalSection
EndGlobal
